
Microsoft Visual Studio Solution File, Format Version 12.00
# Visual Studio Version 17
VisualStudioVersion = 17.5.002.0
MinimumVisualStudioVersion = 10.0.40219.1
Project("{2150E333-8FDC-42A3-9474-1A3956D46DE8}") = "api", "api", "{95152F27-E774-42AC-9521-6FFFEF0E4E7C}"
EndProject
Project("{2150E333-8FDC-42A3-9474-1A3956D46DE8}") = "src", "src", "{E94F7EF4-0B22-4E77-A647-1E32E936FB44}"
EndProject
Project("{9A19103F-16F7-4668-BE54-9A1E7A4F7556}") = "Core", "api\src\Core\Core.csproj", "{D8A781C1-D030-4A18-9AD0-D51EF0D6C041}"
EndProject
Project("{9A19103F-16F7-4668-BE54-9A1E7A4F7556}") = "Api", "api\src\Api\Api.csproj", "{3BDE7458-1FD6-4715-B402-2666C5333622}"
EndProject
Global
	GlobalSection(SolutionConfigurationPlatforms) = preSolution
		Debug|Any CPU = Debug|Any CPU
		Release|Any CPU = Release|Any CPU
	EndGlobalSection
	GlobalSection(ProjectConfigurationPlatforms) = postSolution
		{D8A781C1-D030-4A18-9AD0-D51EF0D6C041}.Debug|Any CPU.ActiveCfg = Debug|Any CPU
		{D8A781C1-D030-4A18-9AD0-D51EF0D6C041}.Debug|Any CPU.Build.0 = Debug|Any CPU
		{D8A781C1-D030-4A18-9AD0-D51EF0D6C041}.Release|Any CPU.ActiveCfg = Release|Any CPU
		{D8A781C1-D030-4A18-9AD0-D51EF0D6C041}.Release|Any CPU.Build.0 = Release|Any CPU
		{3BDE7458-1FD6-4715-B402-2666C5333622}.Debug|Any CPU.ActiveCfg = Debug|Any CPU
		{3BDE7458-1FD6-4715-B402-2666C5333622}.Debug|Any CPU.Build.0 = Debug|Any CPU
		{3BDE7458-1FD6-4715-B402-2666C5333622}.Release|Any CPU.ActiveCfg = Release|Any CPU
		{3BDE7458-1FD6-4715-B402-2666C5333622}.Release|Any CPU.Build.0 = Release|Any CPU
	EndGlobalSection
	GlobalSection(SolutionProperties) = preSolution
		HideSolutionNode = FALSE
	EndGlobalSection
	GlobalSection(NestedProjects) = preSolution
		{E94F7EF4-0B22-4E77-A647-1E32E936FB44} = {95152F27-E774-42AC-9521-6FFFEF0E4E7C}
		{D8A781C1-D030-4A18-9AD0-D51EF0D6C041} = {E94F7EF4-0B22-4E77-A647-1E32E936FB44}
		{3BDE7458-1FD6-4715-B402-2666C5333622} = {E94F7EF4-0B22-4E77-A647-1E32E936FB44}
	EndGlobalSection
	GlobalSection(ExtensibilityGlobals) = postSolution
		SolutionGuid = {46DA0839-8CAD-4046-9A9C-780C3DB5DE18}
	EndGlobalSection
EndGlobal
